{
  "requires": true,
  "lockfileVersion": 1,
  "dependencies": {
    "toastify-js": {
      "version": "1.11.1",
      "resolved": "https://registry.npmjs.org/toastify-js/-/toastify-js-1.11.1.tgz",
      "integrity": "sha512-O1UR06KEhFY9Vu2iKltgOE62+Vq/5iU7AOktouFkEegEisrqtNhEri9RpSd6u6wyPsd4Ae9RT1io3uwkMAlLVQ=="
    }
  }
}
